
Microsoft Visual Studio Solution File, Format Version 12.00
# Visual Studio Version 17
VisualStudioVersion = 17.11.35312.102
MinimumVisualStudioVersion = 10.0.40219.1
Project("{2150E333-8FDC-42A3-9474-1A3956D46DE8}") = "Core", "Core", "{54A4B222-5281-4B0E-A89B-E5F96340E950}"
EndProject
Project("{2150E333-8FDC-42A3-9474-1A3956D46DE8}") = "Application", "Application", "{5A2B27E7-E687-4884-93C0-BD55351459D3}"
EndProject
Project("{2150E333-8FDC-42A3-9474-1A3956D46DE8}") = "Infrastructure", "Infrastructure", "{5E2334C1-2FB9-414A-80F1-6E326BC27911}"
EndProject
Project("{2150E333-8FDC-42A3-9474-1A3956D46DE8}") = "Tests", "Tests", "{E43D1A58-BE69-4C9E-A553-233F42081DB1}"
EndProject
Project("{9A19103F-16F7-4668-BE54-9A1E7A4F7556}") = "TangoBot.ConfigurationImpl", "ConfigurationImpl\TangoBot.ConfigurationImpl.csproj", "{80EA0BE3-23E0-454B-88F3-B5FE0D606979}"
EndProject
Project("{9A19103F-16F7-4668-BE54-9A1E7A4F7556}") = "TangoBotApi", "TangoBotApi\TangoBotApi.csproj", "{6C38E048-C322-4D15-B03A-A60610BA9F88}"
EndProject
Project("{2150E333-8FDC-42A3-9474-1A3956D46DE8}") = "WebApi", "WebApi", "{A0DB861E-4C9A-4E24-A056-28E477138379}"
EndProject
Project("{9A19103F-16F7-4668-BE54-9A1E7A4F7556}") = "DependencyInjection", "DependencyInjection\DependencyInjection.csproj", "{4A1A9799-EAB7-4381-A7EE-0FA360F9F560}"
EndProject
Project("{9A19103F-16F7-4668-BE54-9A1E7A4F7556}") = "TangoBotConsole", "TangoBotConsole\TangoBotConsole.csproj", "{95FBAC1C-9011-46E5-87C6-C29900CE5C6F}"
EndProject
Project("{9A19103F-16F7-4668-BE54-9A1E7A4F7556}") = "TangoBot.BasicEventBus", "BasicEventBus\TangoBot.BasicEventBus.csproj", "{87A1FF54-B618-4A46-AE50-4B6C8E66CDC1}"
EndProject
Project("{9A19103F-16F7-4668-BE54-9A1E7A4F7556}") = "TangoBot.Logger", "Logger\TangoBot.Logger.csproj", "{91399D73-7A21-4184-8299-E7885CC897F3}"
EndProject
Project("{9A19103F-16F7-4668-BE54-9A1E7A4F7556}") = "TangoBot.SimpleAuth", "SimpleAuth\TangoBot.SimpleAuth.csproj", "{3B4CA764-A8FA-4262-BF32-F0F3DC9C8D6B}"
EndProject
Project("{9A19103F-16F7-4668-BE54-9A1E7A4F7556}") = "TangoBotApiTests", "TangoBotApiTests\TangoBotApiTests.csproj", "{9047185F-EEC4-4EF1-B759-CABFC697549A}"
EndProject
Project("{9A19103F-16F7-4668-BE54-9A1E7A4F7556}") = "TangoBot.DependencyInjectionTestImpl", "DependencyInjectionTestImpl\TangoBot.DependencyInjectionTestImpl.csproj", "{58F578D3-6057-4449-BB02-DA2B68966B3A}"
EndProject
Project("{9A19103F-16F7-4668-BE54-9A1E7A4F7556}") = "TangoBot.Infrastructure.SimpleHttpClient", "TangoBot.Infrastructure.SimpleHttpClient\TangoBot.Infrastructure.SimpleHttpClient.csproj", "{9FA40C6F-AB9A-4296-BB96-7CC3488CCA36}"
EndProject
Project("{9A19103F-16F7-4668-BE54-9A1E7A4F7556}") = "TangoBot.Infrastructure.SimpleNotificationService", "TangoBot.Infrastructure.SimpleNotificationService\TangoBot.Infrastructure.SimpleNotificationService.csproj", "{4DC6F8B7-879F-4237-AA2D-EBA8D20ADB42}"
EndProject
Project("{9A19103F-16F7-4668-BE54-9A1E7A4F7556}") = "TangoBot.Infrastructure.InMemoryPersistence", "TanboBot.Infrastructure.InMemoryPersistence\TangoBot.Infrastructure.InMemoryPersistence.csproj", "{8D19903F-0E21-47CD-983E-630635DB0886}"
EndProject
Project("{9A19103F-16F7-4668-BE54-9A1E7A4F7556}") = "TangoBot.Infrastructure.SQLitePersistence", "TangoBot.Infrastructure.SQLitePersistence\TangoBot.Infrastructure.SQLitePersistence.csproj", "{1772B35B-77D7-4DFA-86ED-6F2D7F4277DD}"
EndProject
Project("{9A19103F-16F7-4668-BE54-9A1E7A4F7556}") = "TangoBot.WorkFlowApi", "TangoBotWorkFlowApi\TangoBot.WorkFlowApi.csproj", "{D1FECC79-BDD2-423D-92D6-B51FB2AB67B3}"
EndProject
Project("{9A19103F-16F7-4668-BE54-9A1E7A4F7556}") = "TangoBot.Core.Domain", "TangoBot.Core.Domain\TangoBot.Core.Domain.csproj", "{48952D75-1C14-4B67-BAA4-8DAFCC994958}"
EndProject
Project("{9A19103F-16F7-4668-BE54-9A1E7A4F7556}") = "TangoBot.Core.Api2", "TangoBot.Core.Api2\TangoBot.Core.Api2.csproj", "{B77794B5-271C-456E-9D13-0E68B93C9287}"
EndProject
Project("{FAE04EC0-301F-11D3-BF4B-00C04F79EFBC}") = "TangoBot.App", "TangoBot.Core.App\TangoBot.App.csproj", "{3AC74116-5E3C-4646-BE40-7336512339A0}"
EndProject
Project("{2150E333-8FDC-42A3-9474-1A3956D46DE8}") = "Trainer", "Trainer", "{0A2A568D-48A6-41B1-9A85-7E6E1D234815}"
EndProject
Project("{FAE04EC0-301F-11D3-BF4B-00C04F79EFBC}") = "TangoBotTrainerLib", "TangoBotTrainerLib\TangoBotTrainerLib.csproj", "{E740831C-7172-4C2B-B9FA-FD5746D6FEEB}"
EndProject
Project("{FAE04EC0-301F-11D3-BF4B-00C04F79EFBC}") = "TangoBotTrainerApp", "TangoBotTrainerApp\TangoBotTrainerApp.csproj", "{D473B7A2-0648-4141-B0FC-25AD226199EB}"
EndProject
Global
	GlobalSection(SolutionConfigurationPlatforms) = preSolution
		Debug|Any CPU = Debug|Any CPU
		Release|Any CPU = Release|Any CPU
	EndGlobalSection
	GlobalSection(ProjectConfigurationPlatforms) = postSolution
		{80EA0BE3-23E0-454B-88F3-B5FE0D606979}.Debug|Any CPU.ActiveCfg = Debug|Any CPU
		{80EA0BE3-23E0-454B-88F3-B5FE0D606979}.Debug|Any CPU.Build.0 = Debug|Any CPU
		{80EA0BE3-23E0-454B-88F3-B5FE0D606979}.Release|Any CPU.ActiveCfg = Release|Any CPU
		{80EA0BE3-23E0-454B-88F3-B5FE0D606979}.Release|Any CPU.Build.0 = Release|Any CPU
		{6C38E048-C322-4D15-B03A-A60610BA9F88}.Debug|Any CPU.ActiveCfg = Debug|Any CPU
		{6C38E048-C322-4D15-B03A-A60610BA9F88}.Debug|Any CPU.Build.0 = Debug|Any CPU
		{6C38E048-C322-4D15-B03A-A60610BA9F88}.Release|Any CPU.ActiveCfg = Release|Any CPU
		{6C38E048-C322-4D15-B03A-A60610BA9F88}.Release|Any CPU.Build.0 = Release|Any CPU
		{4A1A9799-EAB7-4381-A7EE-0FA360F9F560}.Debug|Any CPU.ActiveCfg = Debug|Any CPU
		{4A1A9799-EAB7-4381-A7EE-0FA360F9F560}.Debug|Any CPU.Build.0 = Debug|Any CPU
		{4A1A9799-EAB7-4381-A7EE-0FA360F9F560}.Release|Any CPU.ActiveCfg = Release|Any CPU
		{4A1A9799-EAB7-4381-A7EE-0FA360F9F560}.Release|Any CPU.Build.0 = Release|Any CPU
		{95FBAC1C-9011-46E5-87C6-C29900CE5C6F}.Debug|Any CPU.ActiveCfg = Debug|Any CPU
		{95FBAC1C-9011-46E5-87C6-C29900CE5C6F}.Debug|Any CPU.Build.0 = Debug|Any CPU
		{95FBAC1C-9011-46E5-87C6-C29900CE5C6F}.Release|Any CPU.ActiveCfg = Release|Any CPU
		{95FBAC1C-9011-46E5-87C6-C29900CE5C6F}.Release|Any CPU.Build.0 = Release|Any CPU
		{87A1FF54-B618-4A46-AE50-4B6C8E66CDC1}.Debug|Any CPU.ActiveCfg = Debug|Any CPU
		{87A1FF54-B618-4A46-AE50-4B6C8E66CDC1}.Debug|Any CPU.Build.0 = Debug|Any CPU
		{87A1FF54-B618-4A46-AE50-4B6C8E66CDC1}.Release|Any CPU.ActiveCfg = Release|Any CPU
		{87A1FF54-B618-4A46-AE50-4B6C8E66CDC1}.Release|Any CPU.Build.0 = Release|Any CPU
		{91399D73-7A21-4184-8299-E7885CC897F3}.Debug|Any CPU.ActiveCfg = Debug|Any CPU
		{91399D73-7A21-4184-8299-E7885CC897F3}.Debug|Any CPU.Build.0 = Debug|Any CPU
		{91399D73-7A21-4184-8299-E7885CC897F3}.Release|Any CPU.ActiveCfg = Release|Any CPU
		{91399D73-7A21-4184-8299-E7885CC897F3}.Release|Any CPU.Build.0 = Release|Any CPU
		{3B4CA764-A8FA-4262-BF32-F0F3DC9C8D6B}.Debug|Any CPU.ActiveCfg = Debug|Any CPU
		{3B4CA764-A8FA-4262-BF32-F0F3DC9C8D6B}.Debug|Any CPU.Build.0 = Debug|Any CPU
		{3B4CA764-A8FA-4262-BF32-F0F3DC9C8D6B}.Release|Any CPU.ActiveCfg = Release|Any CPU
		{3B4CA764-A8FA-4262-BF32-F0F3DC9C8D6B}.Release|Any CPU.Build.0 = Release|Any CPU
		{9047185F-EEC4-4EF1-B759-CABFC697549A}.Debug|Any CPU.ActiveCfg = Debug|Any CPU
		{9047185F-EEC4-4EF1-B759-CABFC697549A}.Debug|Any CPU.Build.0 = Debug|Any CPU
		{9047185F-EEC4-4EF1-B759-CABFC697549A}.Release|Any CPU.ActiveCfg = Release|Any CPU
		{9047185F-EEC4-4EF1-B759-CABFC697549A}.Release|Any CPU.Build.0 = Release|Any CPU
		{58F578D3-6057-4449-BB02-DA2B68966B3A}.Debug|Any CPU.ActiveCfg = Debug|Any CPU
		{58F578D3-6057-4449-BB02-DA2B68966B3A}.Debug|Any CPU.Build.0 = Debug|Any CPU
		{58F578D3-6057-4449-BB02-DA2B68966B3A}.Release|Any CPU.ActiveCfg = Release|Any CPU
		{58F578D3-6057-4449-BB02-DA2B68966B3A}.Release|Any CPU.Build.0 = Release|Any CPU
		{9FA40C6F-AB9A-4296-BB96-7CC3488CCA36}.Debug|Any CPU.ActiveCfg = Debug|Any CPU
		{9FA40C6F-AB9A-4296-BB96-7CC3488CCA36}.Debug|Any CPU.Build.0 = Debug|Any CPU
		{9FA40C6F-AB9A-4296-BB96-7CC3488CCA36}.Release|Any CPU.ActiveCfg = Release|Any CPU
		{9FA40C6F-AB9A-4296-BB96-7CC3488CCA36}.Release|Any CPU.Build.0 = Release|Any CPU
		{4DC6F8B7-879F-4237-AA2D-EBA8D20ADB42}.Debug|Any CPU.ActiveCfg = Debug|Any CPU
		{4DC6F8B7-879F-4237-AA2D-EBA8D20ADB42}.Debug|Any CPU.Build.0 = Debug|Any CPU
		{4DC6F8B7-879F-4237-AA2D-EBA8D20ADB42}.Release|Any CPU.ActiveCfg = Release|Any CPU
		{4DC6F8B7-879F-4237-AA2D-EBA8D20ADB42}.Release|Any CPU.Build.0 = Release|Any CPU
		{8D19903F-0E21-47CD-983E-630635DB0886}.Debug|Any CPU.ActiveCfg = Debug|Any CPU
		{8D19903F-0E21-47CD-983E-630635DB0886}.Debug|Any CPU.Build.0 = Debug|Any CPU
		{8D19903F-0E21-47CD-983E-630635DB0886}.Release|Any CPU.ActiveCfg = Release|Any CPU
		{8D19903F-0E21-47CD-983E-630635DB0886}.Release|Any CPU.Build.0 = Release|Any CPU
		{1772B35B-77D7-4DFA-86ED-6F2D7F4277DD}.Debug|Any CPU.ActiveCfg = Debug|Any CPU
		{1772B35B-77D7-4DFA-86ED-6F2D7F4277DD}.Debug|Any CPU.Build.0 = Debug|Any CPU
		{1772B35B-77D7-4DFA-86ED-6F2D7F4277DD}.Release|Any CPU.ActiveCfg = Release|Any CPU
		{1772B35B-77D7-4DFA-86ED-6F2D7F4277DD}.Release|Any CPU.Build.0 = Release|Any CPU
		{D1FECC79-BDD2-423D-92D6-B51FB2AB67B3}.Debug|Any CPU.ActiveCfg = Debug|Any CPU
		{D1FECC79-BDD2-423D-92D6-B51FB2AB67B3}.Debug|Any CPU.Build.0 = Debug|Any CPU
		{D1FECC79-BDD2-423D-92D6-B51FB2AB67B3}.Release|Any CPU.ActiveCfg = Release|Any CPU
		{D1FECC79-BDD2-423D-92D6-B51FB2AB67B3}.Release|Any CPU.Build.0 = Release|Any CPU
		{48952D75-1C14-4B67-BAA4-8DAFCC994958}.Debug|Any CPU.ActiveCfg = Debug|Any CPU
		{48952D75-1C14-4B67-BAA4-8DAFCC994958}.Debug|Any CPU.Build.0 = Debug|Any CPU
		{48952D75-1C14-4B67-BAA4-8DAFCC994958}.Release|Any CPU.ActiveCfg = Release|Any CPU
		{48952D75-1C14-4B67-BAA4-8DAFCC994958}.Release|Any CPU.Build.0 = Release|Any CPU
		{B77794B5-271C-456E-9D13-0E68B93C9287}.Debug|Any CPU.ActiveCfg = Debug|Any CPU
		{B77794B5-271C-456E-9D13-0E68B93C9287}.Debug|Any CPU.Build.0 = Debug|Any CPU
		{B77794B5-271C-456E-9D13-0E68B93C9287}.Release|Any CPU.ActiveCfg = Release|Any CPU
		{B77794B5-271C-456E-9D13-0E68B93C9287}.Release|Any CPU.Build.0 = Release|Any CPU
		{3AC74116-5E3C-4646-BE40-7336512339A0}.Debug|Any CPU.ActiveCfg = Debug|Any CPU
		{3AC74116-5E3C-4646-BE40-7336512339A0}.Debug|Any CPU.Build.0 = Debug|Any CPU
		{3AC74116-5E3C-4646-BE40-7336512339A0}.Release|Any CPU.ActiveCfg = Release|Any CPU
		{3AC74116-5E3C-4646-BE40-7336512339A0}.Release|Any CPU.Build.0 = Release|Any CPU
		{E740831C-7172-4C2B-B9FA-FD5746D6FEEB}.Debug|Any CPU.ActiveCfg = Debug|Any CPU
		{E740831C-7172-4C2B-B9FA-FD5746D6FEEB}.Debug|Any CPU.Build.0 = Debug|Any CPU
		{E740831C-7172-4C2B-B9FA-FD5746D6FEEB}.Release|Any CPU.ActiveCfg = Release|Any CPU
		{E740831C-7172-4C2B-B9FA-FD5746D6FEEB}.Release|Any CPU.Build.0 = Release|Any CPU
		{D473B7A2-0648-4141-B0FC-25AD226199EB}.Debug|Any CPU.ActiveCfg = Debug|Any CPU
		{D473B7A2-0648-4141-B0FC-25AD226199EB}.Debug|Any CPU.Build.0 = Debug|Any CPU
		{D473B7A2-0648-4141-B0FC-25AD226199EB}.Release|Any CPU.ActiveCfg = Release|Any CPU
		{D473B7A2-0648-4141-B0FC-25AD226199EB}.Release|Any CPU.Build.0 = Release|Any CPU
	EndGlobalSection
	GlobalSection(SolutionProperties) = preSolution
		HideSolutionNode = FALSE
	EndGlobalSection
	GlobalSection(NestedProjects) = preSolution
		{80EA0BE3-23E0-454B-88F3-B5FE0D606979} = {5E2334C1-2FB9-414A-80F1-6E326BC27911}
		{6C38E048-C322-4D15-B03A-A60610BA9F88} = {5E2334C1-2FB9-414A-80F1-6E326BC27911}
		{4A1A9799-EAB7-4381-A7EE-0FA360F9F560} = {5E2334C1-2FB9-414A-80F1-6E326BC27911}
		{87A1FF54-B618-4A46-AE50-4B6C8E66CDC1} = {5E2334C1-2FB9-414A-80F1-6E326BC27911}
		{91399D73-7A21-4184-8299-E7885CC897F3} = {5E2334C1-2FB9-414A-80F1-6E326BC27911}
		{3B4CA764-A8FA-4262-BF32-F0F3DC9C8D6B} = {5E2334C1-2FB9-414A-80F1-6E326BC27911}
		{9047185F-EEC4-4EF1-B759-CABFC697549A} = {E43D1A58-BE69-4C9E-A553-233F42081DB1}
		{58F578D3-6057-4449-BB02-DA2B68966B3A} = {5E2334C1-2FB9-414A-80F1-6E326BC27911}
		{9FA40C6F-AB9A-4296-BB96-7CC3488CCA36} = {5E2334C1-2FB9-414A-80F1-6E326BC27911}
		{4DC6F8B7-879F-4237-AA2D-EBA8D20ADB42} = {5E2334C1-2FB9-414A-80F1-6E326BC27911}
		{8D19903F-0E21-47CD-983E-630635DB0886} = {5E2334C1-2FB9-414A-80F1-6E326BC27911}
		{1772B35B-77D7-4DFA-86ED-6F2D7F4277DD} = {5E2334C1-2FB9-414A-80F1-6E326BC27911}
		{D1FECC79-BDD2-423D-92D6-B51FB2AB67B3} = {5E2334C1-2FB9-414A-80F1-6E326BC27911}
		{48952D75-1C14-4B67-BAA4-8DAFCC994958} = {54A4B222-5281-4B0E-A89B-E5F96340E950}
		{B77794B5-271C-456E-9D13-0E68B93C9287} = {54A4B222-5281-4B0E-A89B-E5F96340E950}
		{3AC74116-5E3C-4646-BE40-7336512339A0} = {5A2B27E7-E687-4884-93C0-BD55351459D3}
		{E740831C-7172-4C2B-B9FA-FD5746D6FEEB} = {0A2A568D-48A6-41B1-9A85-7E6E1D234815}
		{D473B7A2-0648-4141-B0FC-25AD226199EB} = {0A2A568D-48A6-41B1-9A85-7E6E1D234815}
	EndGlobalSection
	GlobalSection(ExtensibilityGlobals) = postSolution
		SolutionGuid = {56390FCD-32A0-4E90-A914-A41AC69A7112}
	EndGlobalSection
EndGlobal
